
Microsoft Visual Studio Solution File, Format Version 12.00
# Visual Studio 15
VisualStudioVersion = 15.0.27703.2042
MinimumVisualStudioVersion = 12.0
Project("{2150E333-8FDC-42A3-9474-1A3956D46DE8}") = "Package", "Package", "{50480E2A-E210-4CC2-99FF-8E2077A25C71}"
EndProject
Project("{2150E333-8FDC-42A3-9474-1A3956D46DE8}") = "Sys", "Sys", "{D60DA95E-ED76-47F5-887C-C94C256DD4B7}"
EndProject
Project("{8BC9CEB8-8B4A-11D0-8D11-00A0C91BC942}") = "package", "Package\package.VcxProj", "{99C05DA6-B34F-4285-A935-D2F5B01C3C41}"
EndProject
Project("{8BC9CEB8-8B4A-11D0-8D11-00A0C91BC942}") = "kbfiltr", "sys\kbfiltr.vcxproj", "{7227DB35-883A-4EF0-B083-1698CFEF85A3}"
EndProject
Global
	GlobalSection(SolutionConfigurationPlatforms) = preSolution
		Debug|ARM = Debug|ARM
		Debug|ARM64 = Debug|ARM64
		Debug|Win32 = Debug|Win32
		Debug|x64 = Debug|x64
		Release|ARM = Release|ARM
		Release|ARM64 = Release|ARM64
		Release|Win32 = Release|Win32
		Release|x64 = Release|x64
		Win10|ARM = Win10|ARM
		Win10|ARM64 = Win10|ARM64
		Win10|Win32 = Win10|Win32
		Win10|x64 = Win10|x64
		Win7 Debug|ARM = Win7 Debug|ARM
		Win7 Debug|ARM64 = Win7 Debug|ARM64
		Win7 Debug|Win32 = Win7 Debug|Win32
		Win7 Debug|x64 = Win7 Debug|x64
		Win7 Release|ARM = Win7 Release|ARM
		Win7 Release|ARM64 = Win7 Release|ARM64
		Win7 Release|Win32 = Win7 Release|Win32
		Win7 Release|x64 = Win7 Release|x64
		Win8 Debug|ARM = Win8 Debug|ARM
		Win8 Debug|ARM64 = Win8 Debug|ARM64
		Win8 Debug|Win32 = Win8 Debug|Win32
		Win8 Debug|x64 = Win8 Debug|x64
		Win8 Release|ARM = Win8 Release|ARM
		Win8 Release|ARM64 = Win8 Release|ARM64
		Win8 Release|Win32 = Win8 Release|Win32
		Win8 Release|x64 = Win8 Release|x64
		Win8.1 Debug|ARM = Win8.1 Debug|ARM
		Win8.1 Debug|ARM64 = Win8.1 Debug|ARM64
		Win8.1 Debug|Win32 = Win8.1 Debug|Win32
		Win8.1 Debug|x64 = Win8.1 Debug|x64
		Win8.1 Release|ARM = Win8.1 Release|ARM
		Win8.1 Release|ARM64 = Win8.1 Release|ARM64
		Win8.1 Release|Win32 = Win8.1 Release|Win32
		Win8.1 Release|x64 = Win8.1 Release|x64
	EndGlobalSection
	GlobalSection(ProjectConfigurationPlatforms) = postSolution
		{99C05DA6-B34F-4285-A935-D2F5B01C3C41}.Debug|ARM.ActiveCfg = Win8.1 Release|x64
		{99C05DA6-B34F-4285-A935-D2F5B01C3C41}.Debug|ARM.Build.0 = Win8.1 Release|x64
		{99C05DA6-B34F-4285-A935-D2F5B01C3C41}.Debug|ARM64.ActiveCfg = Win8.1 Release|x64
		{99C05DA6-B34F-4285-A935-D2F5B01C3C41}.Debug|ARM64.Build.0 = Win8.1 Release|x64
		{99C05DA6-B34F-4285-A935-D2F5B01C3C41}.Debug|Win32.ActiveCfg = Win8.1 Debug|Win32
		{99C05DA6-B34F-4285-A935-D2F5B01C3C41}.Debug|Win32.Build.0 = Win8.1 Debug|Win32
		{99C05DA6-B34F-4285-A935-D2F5B01C3C41}.Debug|x64.ActiveCfg = Win8.1 Debug|x64
		{99C05DA6-B34F-4285-A935-D2F5B01C3C41}.Debug|x64.Build.0 = Win8.1 Debug|x64
		{99C05DA6-B34F-4285-A935-D2F5B01C3C41}.Release|ARM.ActiveCfg = Win8.1 Release|x64
		{99C05DA6-B34F-4285-A935-D2F5B01C3C41}.Release|ARM.Build.0 = Win8.1 Release|x64
		{99C05DA6-B34F-4285-A935-D2F5B01C3C41}.Release|ARM64.ActiveCfg = Win8.1 Release|x64
		{99C05DA6-B34F-4285-A935-D2F5B01C3C41}.Release|ARM64.Build.0 = Win8.1 Release|x64
		{99C05DA6-B34F-4285-A935-D2F5B01C3C41}.Release|Win32.ActiveCfg = Win8.1 Release|Win32
		{99C05DA6-B34F-4285-A935-D2F5B01C3C41}.Release|Win32.Build.0 = Win8.1 Release|Win32
		{99C05DA6-B34F-4285-A935-D2F5B01C3C41}.Release|x64.ActiveCfg = Win8.1 Release|x64
		{99C05DA6-B34F-4285-A935-D2F5B01C3C41}.Release|x64.Build.0 = Win8.1 Release|x64
		{99C05DA6-B34F-4285-A935-D2F5B01C3C41}.Win10|ARM.ActiveCfg = Win10|Win32
		{99C05DA6-B34F-4285-A935-D2F5B01C3C41}.Win10|ARM64.ActiveCfg = Win10|Win32
		{99C05DA6-B34F-4285-A935-D2F5B01C3C41}.Win10|Win32.ActiveCfg = Win10|Win32
		{99C05DA6-B34F-4285-A935-D2F5B01C3C41}.Win10|Win32.Build.0 = Win10|Win32
		{99C05DA6-B34F-4285-A935-D2F5B01C3C41}.Win10|x64.ActiveCfg = Win10|x64
		{99C05DA6-B34F-4285-A935-D2F5B01C3C41}.Win10|x64.Build.0 = Win10|x64
		{99C05DA6-B34F-4285-A935-D2F5B01C3C41}.Win7 Debug|ARM.ActiveCfg = Win7 Debug|Win32
		{99C05DA6-B34F-4285-A935-D2F5B01C3C41}.Win7 Debug|ARM64.ActiveCfg = Win7 Debug|Win32
		{99C05DA6-B34F-4285-A935-D2F5B01C3C41}.Win7 Debug|Win32.ActiveCfg = Win7 Debug|Win32
		{99C05DA6-B34F-4285-A935-D2F5B01C3C41}.Win7 Debug|Win32.Build.0 = Win7 Debug|Win32
		{99C05DA6-B34F-4285-A935-D2F5B01C3C41}.Win7 Debug|x64.ActiveCfg = Win7 Debug|x64
		{99C05DA6-B34F-4285-A935-D2F5B01C3C41}.Win7 Debug|x64.Build.0 = Win7 Debug|x64
		{99C05DA6-B34F-4285-A935-D2F5B01C3C41}.Win7 Release|ARM.ActiveCfg = Win7 Release|Win32
		{99C05DA6-B34F-4285-A935-D2F5B01C3C41}.Win7 Release|ARM64.ActiveCfg = Win7 Release|Win32
		{99C05DA6-B34F-4285-A935-D2F5B01C3C41}.Win7 Release|Win32.ActiveCfg = Win7 Release|Win32
		{99C05DA6-B34F-4285-A935-D2F5B01C3C41}.Win7 Release|Win32.Build.0 = Win7 Release|Win32
		{99C05DA6-B34F-4285-A935-D2F5B01C3C41}.Win7 Release|x64.ActiveCfg = Win7 Release|x64
		{99C05DA6-B34F-4285-A935-D2F5B01C3C41}.Win7 Release|x64.Build.0 = Win7 Release|x64
		{99C05DA6-B34F-4285-A935-D2F5B01C3C41}.Win8 Debug|ARM.ActiveCfg = Win8 Debug|Win32
		{99C05DA6-B34F-4285-A935-D2F5B01C3C41}.Win8 Debug|ARM64.ActiveCfg = Win8 Debug|Win32
		{99C05DA6-B34F-4285-A935-D2F5B01C3C41}.Win8 Debug|Win32.ActiveCfg = Win8 Debug|Win32
		{99C05DA6-B34F-4285-A935-D2F5B01C3C41}.Win8 Debug|Win32.Build.0 = Win8 Debug|Win32
		{99C05DA6-B34F-4285-A935-D2F5B01C3C41}.Win8 Debug|x64.ActiveCfg = Win8 Debug|x64
		{99C05DA6-B34F-4285-A935-D2F5B01C3C41}.Win8 Debug|x64.Build.0 = Win8 Debug|x64
		{99C05DA6-B34F-4285-A935-D2F5B01C3C41}.Win8 Release|ARM.ActiveCfg = Win8 Release|Win32
		{99C05DA6-B34F-4285-A935-D2F5B01C3C41}.Win8 Release|ARM64.ActiveCfg = Win8 Release|Win32
		{99C05DA6-B34F-4285-A935-D2F5B01C3C41}.Win8 Release|Win32.ActiveCfg = Win8 Release|Win32
		{99C05DA6-B34F-4285-A935-D2F5B01C3C41}.Win8 Release|Win32.Build.0 = Win8 Release|Win32
		{99C05DA6-B34F-4285-A935-D2F5B01C3C41}.Win8 Release|x64.ActiveCfg = Win8 Release|x64
		{99C05DA6-B34F-4285-A935-D2F5B01C3C41}.Win8 Release|x64.Build.0 = Win8 Release|x64
		{99C05DA6-B34F-4285-A935-D2F5B01C3C41}.Win8.1 Debug|ARM.ActiveCfg = Win8.1 Debug|Win32
		{99C05DA6-B34F-4285-A935-D2F5B01C3C41}.Win8.1 Debug|ARM64.ActiveCfg = Win8.1 Debug|Win32
		{99C05DA6-B34F-4285-A935-D2F5B01C3C41}.Win8.1 Debug|Win32.ActiveCfg = Win8.1 Debug|Win32
		{99C05DA6-B34F-4285-A935-D2F5B01C3C41}.Win8.1 Debug|Win32.Build.0 = Win8.1 Debug|Win32
		{99C05DA6-B34F-4285-A935-D2F5B01C3C41}.Win8.1 Debug|x64.ActiveCfg = Win8.1 Debug|x64
		{99C05DA6-B34F-4285-A935-D2F5B01C3C41}.Win8.1 Debug|x64.Build.0 = Win8.1 Debug|x64
		{99C05DA6-B34F-4285-A935-D2F5B01C3C41}.Win8.1 Release|ARM.ActiveCfg = Win8.1 Release|Win32
		{99C05DA6-B34F-4285-A935-D2F5B01C3C41}.Win8.1 Release|ARM64.ActiveCfg = Win8.1 Release|Win32
		{99C05DA6-B34F-4285-A935-D2F5B01C3C41}.Win8.1 Release|Win32.ActiveCfg = Win8.1 Release|Win32
		{99C05DA6-B34F-4285-A935-D2F5B01C3C41}.Win8.1 Release|Win32.Build.0 = Win8.1 Release|Win32
		{99C05DA6-B34F-4285-A935-D2F5B01C3C41}.Win8.1 Release|x64.ActiveCfg = Win8.1 Release|x64
		{99C05DA6-B34F-4285-A935-D2F5B01C3C41}.Win8.1 Release|x64.Build.0 = Win8.1 Release|x64
		{7227DB35-883A-4EF0-B083-1698CFEF85A3}.Debug|ARM.ActiveCfg = Debug|Win32
		{7227DB35-883A-4EF0-B083-1698CFEF85A3}.Debug|ARM64.ActiveCfg = Debug|Win32
		{7227DB35-883A-4EF0-B083-1698CFEF85A3}.Debug|Win32.ActiveCfg = Debug|Win32
		{7227DB35-883A-4EF0-B083-1698CFEF85A3}.Debug|Win32.Build.0 = Debug|Win32
		{7227DB35-883A-4EF0-B083-1698CFEF85A3}.Debug|Win32.Deploy.0 = Debug|Win32
		{7227DB35-883A-4EF0-B083-1698CFEF85A3}.Debug|x64.ActiveCfg = Debug|x64
		{7227DB35-883A-4EF0-B083-1698CFEF85A3}.Debug|x64.Build.0 = Debug|x64
		{7227DB35-883A-4EF0-B083-1698CFEF85A3}.Debug|x64.Deploy.0 = Debug|x64
		{7227DB35-883A-4EF0-B083-1698CFEF85A3}.Release|ARM.ActiveCfg = Release|Win32
		{7227DB35-883A-4EF0-B083-1698CFEF85A3}.Release|ARM64.ActiveCfg = Release|Win32
		{7227DB35-883A-4EF0-B083-1698CFEF85A3}.Release|Win32.ActiveCfg = Release|Win32
		{7227DB35-883A-4EF0-B083-1698CFEF85A3}.Release|Win32.Build.0 = Release|Win32
		{7227DB35-883A-4EF0-B083-1698CFEF85A3}.Release|Win32.Deploy.0 = Release|Win32
		{7227DB35-883A-4EF0-B083-1698CFEF85A3}.Release|x64.ActiveCfg = Release|x64
		{7227DB35-883A-4EF0-B083-1698CFEF85A3}.Release|x64.Build.0 = Release|x64
		{7227DB35-883A-4EF0-B083-1698CFEF85A3}.Release|x64.Deploy.0 = Release|x64
		{7227DB35-883A-4EF0-B083-1698CFEF85A3}.Win10|ARM.ActiveCfg = Release|x64
		{7227DB35-883A-4EF0-B083-1698CFEF85A3}.Win10|ARM.Build.0 = Release|x64
		{7227DB35-883A-4EF0-B083-1698CFEF85A3}.Win10|ARM.Deploy.0 = Release|x64
		{7227DB35-883A-4EF0-B083-1698CFEF85A3}.Win10|ARM64.ActiveCfg = Release|x64
		{7227DB35-883A-4EF0-B083-1698CFEF85A3}.Win10|ARM64.Build.0 = Release|x64
		{7227DB35-883A-4EF0-B083-1698CFEF85A3}.Win10|ARM64.Deploy.0 = Release|x64
		{7227DB35-883A-4EF0-B083-1698CFEF85A3}.Win10|Win32.ActiveCfg = Release|Win32
		{7227DB35-883A-4EF0-B083-1698CFEF85A3}.Win10|Win32.Build.0 = Release|Win32
		{7227DB35-883A-4EF0-B083-1698CFEF85A3}.Win10|Win32.Deploy.0 = Release|Win32
		{7227DB35-883A-4EF0-B083-1698CFEF85A3}.Win10|x64.ActiveCfg = Release|x64
		{7227DB35-883A-4EF0-B083-1698CFEF85A3}.Win10|x64.Build.0 = Release|x64
		{7227DB35-883A-4EF0-B083-1698CFEF85A3}.Win10|x64.Deploy.0 = Release|x64
		{7227DB35-883A-4EF0-B083-1698CFEF85A3}.Win7 Debug|ARM.ActiveCfg = Release|x64
		{7227DB35-883A-4EF0-B083-1698CFEF85A3}.Win7 Debug|ARM.Build.0 = Release|x64
		{7227DB35-883A-4EF0-B083-1698CFEF85A3}.Win7 Debug|ARM.Deploy.0 = Release|x64
		{7227DB35-883A-4EF0-B083-1698CFEF85A3}.Win7 Debug|ARM64.ActiveCfg = Release|x64
		{7227DB35-883A-4EF0-B083-1698CFEF85A3}.Win7 Debug|ARM64.Build.0 = Release|x64
		{7227DB35-883A-4EF0-B083-1698CFEF85A3}.Win7 Debug|ARM64.Deploy.0 = Release|x64
		{7227DB35-883A-4EF0-B083-1698CFEF85A3}.Win7 Debug|Win32.ActiveCfg = Debug|Win32
		{7227DB35-883A-4EF0-B083-1698CFEF85A3}.Win7 Debug|Win32.Build.0 = Debug|Win32
		{7227DB35-883A-4EF0-B083-1698CFEF85A3}.Win7 Debug|Win32.Deploy.0 = Debug|Win32
		{7227DB35-883A-4EF0-B083-1698CFEF85A3}.Win7 Debug|x64.ActiveCfg = Debug|x64
		{7227DB35-883A-4EF0-B083-1698CFEF85A3}.Win7 Debug|x64.Build.0 = Debug|x64
		{7227DB35-883A-4EF0-B083-1698CFEF85A3}.Win7 Debug|x64.Deploy.0 = Debug|x64
		{7227DB35-883A-4EF0-B083-1698CFEF85A3}.Win7 Release|ARM.ActiveCfg = Release|x64
		{7227DB35-883A-4EF0-B083-1698CFEF85A3}.Win7 Release|ARM.Build.0 = Release|x64
		{7227DB35-883A-4EF0-B083-1698CFEF85A3}.Win7 Release|ARM.Deploy.0 = Release|x64
		{7227DB35-883A-4EF0-B083-1698CFEF85A3}.Win7 Release|ARM64.ActiveCfg = Release|x64
		{7227DB35-883A-4EF0-B083-1698CFEF85A3}.Win7 Release|ARM64.Build.0 = Release|x64
		{7227DB35-883A-4EF0-B083-1698CFEF85A3}.Win7 Release|ARM64.Deploy.0 = Release|x64
		{7227DB35-883A-4EF0-B083-1698CFEF85A3}.Win7 Release|Win32.ActiveCfg = Release|Win32
		{7227DB35-883A-4EF0-B083-1698CFEF85A3}.Win7 Release|Win32.Build.0 = Release|Win32
		{7227DB35-883A-4EF0-B083-1698CFEF85A3}.Win7 Release|Win32.Deploy.0 = Release|Win32
		{7227DB35-883A-4EF0-B083-1698CFEF85A3}.Win7 Release|x64.ActiveCfg = Release|x64
		{7227DB35-883A-4EF0-B083-1698CFEF85A3}.Win7 Release|x64.Build.0 = Release|x64
		{7227DB35-883A-4EF0-B083-1698CFEF85A3}.Win7 Release|x64.Deploy.0 = Release|x64
		{7227DB35-883A-4EF0-B083-1698CFEF85A3}.Win8 Debug|ARM.ActiveCfg = Release|x64
		{7227DB35-883A-4EF0-B083-1698CFEF85A3}.Win8 Debug|ARM.Build.0 = Release|x64
		{7227DB35-883A-4EF0-B083-1698CFEF85A3}.Win8 Debug|ARM.Deploy.0 = Release|x64
		{7227DB35-883A-4EF0-B083-1698CFEF85A3}.Win8 Debug|ARM64.ActiveCfg = Release|x64
		{7227DB35-883A-4EF0-B083-1698CFEF85A3}.Win8 Debug|ARM64.Build.0 = Release|x64
		{7227DB35-883A-4EF0-B083-1698CFEF85A3}.Win8 Debug|ARM64.Deploy.0 = Release|x64
		{7227DB35-883A-4EF0-B083-1698CFEF85A3}.Win8 Debug|Win32.ActiveCfg = Debug|Win32
		{7227DB35-883A-4EF0-B083-1698CFEF85A3}.Win8 Debug|Win32.Build.0 = Debug|Win32
		{7227DB35-883A-4EF0-B083-1698CFEF85A3}.Win8 Debug|Win32.Deploy.0 = Debug|Win32
		{7227DB35-883A-4EF0-B083-1698CFEF85A3}.Win8 Debug|x64.ActiveCfg = Debug|x64
		{7227DB35-883A-4EF0-B083-1698CFEF85A3}.Win8 Debug|x64.Build.0 = Debug|x64
		{7227DB35-883A-4EF0-B083-1698CFEF85A3}.Win8 Debug|x64.Deploy.0 = Debug|x64
		{7227DB35-883A-4EF0-B083-1698CFEF85A3}.Win8 Release|ARM.ActiveCfg = Release|x64
		{7227DB35-883A-4EF0-B083-1698CFEF85A3}.Win8 Release|ARM.Build.0 = Release|x64
		{7227DB35-883A-4EF0-B083-1698CFEF85A3}.Win8 Release|ARM.Deploy.0 = Release|x64
		{7227DB35-883A-4EF0-B083-1698CFEF85A3}.Win8 Release|ARM64.ActiveCfg = Release|x64
		{7227DB35-883A-4EF0-B083-1698CFEF85A3}.Win8 Release|ARM64.Build.0 = Release|x64
		{7227DB35-883A-4EF0-B083-1698CFEF85A3}.Win8 Release|ARM64.Deploy.0 = Release|x64
		{7227DB35-883A-4EF0-B083-1698CFEF85A3}.Win8 Release|Win32.ActiveCfg = Release|Win32
		{7227DB35-883A-4EF0-B083-1698CFEF85A3}.Win8 Release|Win32.Build.0 = Release|Win32
		{7227DB35-883A-4EF0-B083-1698CFEF85A3}.Win8 Release|Win32.Deploy.0 = Release|Win32
		{7227DB35-883A-4EF0-B083-1698CFEF85A3}.Win8 Release|x64.ActiveCfg = Release|x64
		{7227DB35-883A-4EF0-B083-1698CFEF85A3}.Win8 Release|x64.Build.0 = Release|x64
		{7227DB35-883A-4EF0-B083-1698CFEF85A3}.Win8 Release|x64.Deploy.0 = Release|x64
		{7227DB35-883A-4EF0-B083-1698CFEF85A3}.Win8.1 Debug|ARM.ActiveCfg = Release|x64
		{7227DB35-883A-4EF0-B083-1698CFEF85A3}.Win8.1 Debug|ARM.Build.0 = Release|x64
		{7227DB35-883A-4EF0-B083-1698CFEF85A3}.Win8.1 Debug|ARM.Deploy.0 = Release|x64
		{7227DB35-883A-4EF0-B083-1698CFEF85A3}.Win8.1 Debug|ARM64.ActiveCfg = Release|x64
		{7227DB35-883A-4EF0-B083-1698CFEF85A3}.Win8.1 Debug|ARM64.Build.0 = Release|x64
		{7227DB35-883A-4EF0-B083-1698CFEF85A3}.Win8.1 Debug|ARM64.Deploy.0 = Release|x64
		{7227DB35-883A-4EF0-B083-1698CFEF85A3}.Win8.1 Debug|Win32.ActiveCfg = Debug|Win32
		{7227DB35-883A-4EF0-B083-1698CFEF85A3}.Win8.1 Debug|Win32.Build.0 = Debug|Win32
		{7227DB35-883A-4EF0-B083-1698CFEF85A3}.Win8.1 Debug|Win32.Deploy.0 = Debug|Win32
		{7227DB35-883A-4EF0-B083-1698CFEF85A3}.Win8.1 Debug|x64.ActiveCfg = Debug|x64
		{7227DB35-883A-4EF0-B083-1698CFEF85A3}.Win8.1 Debug|x64.Build.0 = Debug|x64
		{7227DB35-883A-4EF0-B083-1698CFEF85A3}.Win8.1 Debug|x64.Deploy.0 = Debug|x64
		{7227DB35-883A-4EF0-B083-1698CFEF85A3}.Win8.1 Release|ARM.ActiveCfg = Release|x64
		{7227DB35-883A-4EF0-B083-1698CFEF85A3}.Win8.1 Release|ARM.Build.0 = Release|x64
		{7227DB35-883A-4EF0-B083-1698CFEF85A3}.Win8.1 Release|ARM.Deploy.0 = Release|x64
		{7227DB35-883A-4EF0-B083-1698CFEF85A3}.Win8.1 Release|ARM64.ActiveCfg = Release|x64
		{7227DB35-883A-4EF0-B083-1698CFEF85A3}.Win8.1 Release|ARM64.Build.0 = Release|x64
		{7227DB35-883A-4EF0-B083-1698CFEF85A3}.Win8.1 Release|ARM64.Deploy.0 = Release|x64
		{7227DB35-883A-4EF0-B083-1698CFEF85A3}.Win8.1 Release|Win32.ActiveCfg = Release|Win32
		{7227DB35-883A-4EF0-B083-1698CFEF85A3}.Win8.1 Release|Win32.Build.0 = Release|Win32
		{7227DB35-883A-4EF0-B083-1698CFEF85A3}.Win8.1 Release|Win32.Deploy.0 = Release|Win32
		{7227DB35-883A-4EF0-B083-1698CFEF85A3}.Win8.1 Release|x64.ActiveCfg = Release|x64
		{7227DB35-883A-4EF0-B083-1698CFEF85A3}.Win8.1 Release|x64.Build.0 = Release|x64
		{7227DB35-883A-4EF0-B083-1698CFEF85A3}.Win8.1 Release|x64.Deploy.0 = Release|x64
	EndGlobalSection
	GlobalSection(SolutionProperties) = preSolution
		HideSolutionNode = FALSE
	EndGlobalSection
	GlobalSection(NestedProjects) = preSolution
		{99C05DA6-B34F-4285-A935-D2F5B01C3C41} = {50480E2A-E210-4CC2-99FF-8E2077A25C71}
		{7227DB35-883A-4EF0-B083-1698CFEF85A3} = {D60DA95E-ED76-47F5-887C-C94C256DD4B7}
	EndGlobalSection
	GlobalSection(ExtensibilityGlobals) = postSolution
		SolutionGuid = {4B8BA867-D245-4323-B6FA-78CB1FFE4D39}
	EndGlobalSection
EndGlobal
